
Microsoft Visual Studio Solution File, Format Version 12.00
# Visual Studio Version 16
VisualStudioVersion = 16.0.31025.194
MinimumVisualStudioVersion = 10.0.40219.1
Project("{E53339B2-1760-4266-BCC7-CA923CBCF16C}") = "docker-compose", "docker-compose.dcproj", "{F4AA5030-4CD6-4A95-88BA-1F3015DB1132}"
EndProject
Project("{9A19103F-16F7-4668-BE54-9A1E7A4F7556}") = "WispyWaterfall.Web", "WispyWaterfall.Web\WispyWaterfall.Web.csproj", "{94BF2AA6-6854-4760-824C-3B70557DBA1F}"
EndProject
Project("{9A19103F-16F7-4668-BE54-9A1E7A4F7556}") = "WispyWaterfall.Infrastructure", "WispyWaterfall.Infrastructure\WispyWaterfall.Infrastructure.csproj", "{4D09758C-F581-4BB0-BF58-B667494DE8F9}"
EndProject
Project("{9A19103F-16F7-4668-BE54-9A1E7A4F7556}") = "WispyWaterfall.Core", "WispyWaterfall.Core\WispyWaterfall.Core.csproj", "{A6EEF170-54EB-4D11-828D-E026A08A5B93}"
EndProject
Global
	GlobalSection(SolutionConfigurationPlatforms) = preSolution
		Debug|Any CPU = Debug|Any CPU
		Release|Any CPU = Release|Any CPU
	EndGlobalSection
	GlobalSection(ProjectConfigurationPlatforms) = postSolution	
		{F4AA5030-4CD6-4A95-88BA-1F3015DB1132}.Debug|Any CPU.ActiveCfg = Debug|Any CPU
		{F4AA5030-4CD6-4A95-88BA-1F3015DB1132}.Debug|Any CPU.Build.0 = Debug|Any CPU
		{F4AA5030-4CD6-4A95-88BA-1F3015DB1132}.Release|Any CPU.ActiveCfg = Release|Any CPU
		{F4AA5030-4CD6-4A95-88BA-1F3015DB1132}.Release|Any CPU.Build.0 = Release|Any CPU
		{94BF2AA6-6854-4760-824C-3B70557DBA1F}.Debug|Any CPU.ActiveCfg = Debug|Any CPU
		{94BF2AA6-6854-4760-824C-3B70557DBA1F}.Debug|Any CPU.Build.0 = Debug|Any CPU
		{94BF2AA6-6854-4760-824C-3B70557DBA1F}.Release|Any CPU.ActiveCfg = Release|Any CPU
		{94BF2AA6-6854-4760-824C-3B70557DBA1F}.Release|Any CPU.Build.0 = Release|Any CPU		
		{4D09758C-F581-4BB0-BF58-B667494DE8F9}.Debug|Any CPU.ActiveCfg = Debug|Any CPU
		{4D09758C-F581-4BB0-BF58-B667494DE8F9}.Debug|Any CPU.Build.0 = Debug|Any CPU
		{4D09758C-F581-4BB0-BF58-B667494DE8F9}.Release|Any CPU.ActiveCfg = Release|Any CPU
		{4D09758C-F581-4BB0-BF58-B667494DE8F9}.Release|Any CPU.Build.0 = Release|Any CPU
		{A6EEF170-54EB-4D11-828D-E026A08A5B93}.Debug|Any CPU.ActiveCfg = Debug|Any CPU
		{A6EEF170-54EB-4D11-828D-E026A08A5B93}.Debug|Any CPU.Build.0 = Debug|Any CPU
		{A6EEF170-54EB-4D11-828D-E026A08A5B93}.Release|Any CPU.ActiveCfg = Release|Any CPU
		{A6EEF170-54EB-4D11-828D-E026A08A5B93}.Release|Any CPU.Build.0 = Release|Any CPU
	EndGlobalSection
	GlobalSection(SolutionProperties) = preSolution
		HideSolutionNode = FALSE
	EndGlobalSection
	GlobalSection(ExtensibilityGlobals) = postSolution
		SolutionGuid = {568B9BC5-4239-45C1-80FF-4EBF606D5811}
	EndGlobalSection
EndGlobal
